// !$*UTF8*$!
{
	archiveVersion = 1;
	classes = {
	};
	objectVersion = 56;
	objects = {

/* Begin PBXBuildFile section */
		A61D24D12ABCB0BE0064207F /* ExampleGameDSL2DApp.swift in Sources */ = {isa = PBXBuildFile; fileRef = A61D24D02ABCB0BE0064207F /* ExampleGameDSL2DApp.swift */; };
		A61D24D32ABCB0BE0064207F /* ContentView.swift in Sources */ = {isa = PBXBuildFile; fileRef = A61D24D22ABCB0BE0064207F /* ContentView.swift */; };
		A61D24D52ABCB0C00064207F /* Assets.xcassets in Resources */ = {isa = PBXBuildFile; fileRef = A61D24D42ABCB0C00064207F /* Assets.xcassets */; };
		A61D24D82ABCB0C00064207F /* Preview Assets.xcassets in Resources */ = {isa = PBXBuildFile; fileRef = A61D24D72ABCB0C00064207F /* Preview Assets.xcassets */; };
		A61D24DF2ABCB0FB0064207F /* GameDSL2D in Resources */ = {isa = PBXBuildFile; fileRef = A61D24DE2ABCB0CA0064207F /* GameDSL2D */; };
		A61D24E22ABCB2650064207F /* OctopusKit in Frameworks */ = {isa = PBXBuildFile; productRef = A61D24E12ABCB2650064207F /* OctopusKit */; };
		A61D24E42ABCB33C0064207F /* Game.swift in Sources */ = {isa = PBXBuildFile; fileRef = A61D24E32ABCB33C0064207F /* Game.swift */; };
		A68525142ACB61A000831648 /* GameDSL2D in Frameworks */ = {isa = PBXBuildFile; productRef = A68525132ACB61A000831648 /* GameDSL2D */; };
		A685251D2ACB62D100831648 /* Player.swift in Sources */ = {isa = PBXBuildFile; fileRef = A68525162ACB62D100831648 /* Player.swift */; };
/* End PBXBuildFile section */

/* Begin PBXFileReference section */
		A61D24CD2ABCB0BE0064207F /* ExampleGameDSL2D.app */ = {isa = PBXFileReference; explicitFileType = wrapper.application; includeInIndex = 0; path = ExampleGameDSL2D.app; sourceTree = BUILT_PRODUCTS_DIR; };
		A61D24D02ABCB0BE0064207F /* ExampleGameDSL2DApp.swift */ = {isa = PBXFileReference; lastKnownFileType = sourcecode.swift; path = ExampleGameDSL2DApp.swift; sourceTree = "<group>"; };
		A61D24D22ABCB0BE0064207F /* ContentView.swift */ = {isa = PBXFileReference; lastKnownFileType = sourcecode.swift; path = ContentView.swift; sourceTree = "<group>"; };
		A61D24D42ABCB0C00064207F /* Assets.xcassets */ = {isa = PBXFileReference; lastKnownFileType = folder.assetcatalog; path = Assets.xcassets; sourceTree = "<group>"; };
		A61D24D72ABCB0C00064207F /* Preview Assets.xcassets */ = {isa = PBXFileReference; lastKnownFileType = folder.assetcatalog; path = "Preview Assets.xcassets"; sourceTree = "<group>"; };
		A61D24DE2ABCB0CA0064207F /* GameDSL2D */ = {isa = PBXFileReference; lastKnownFileType = wrapper; name = GameDSL2D; path = ../..; sourceTree = "<group>"; };
		A61D24E32ABCB33C0064207F /* Game.swift */ = {isa = PBXFileReference; lastKnownFileType = sourcecode.swift; path = Game.swift; sourceTree = "<group>"; };
		A68525162ACB62D100831648 /* Player.swift */ = {isa = PBXFileReference; fileEncoding = 4; lastKnownFileType = sourcecode.swift; path = Player.swift; sourceTree = "<group>"; };
/* End PBXFileReference section */

/* Begin PBXFrameworksBuildPhase section */
		A61D24CA2ABCB0BE0064207F /* Frameworks */ = {
			isa = PBXFrameworksBuildPhase;
			buildActionMask = 2147483647;
			files = (
				A68525142ACB61A000831648 /* GameDSL2D in Frameworks */,
				A61D24E22ABCB2650064207F /* OctopusKit in Frameworks */,
			);
			runOnlyForDeploymentPostprocessing = 0;
		};
/* End PBXFrameworksBuildPhase section */

/* Begin PBXGroup section */
		A61D24C42ABCB0BE0064207F = {
			isa = PBXGroup;
			children = (
				A61D24DE2ABCB0CA0064207F /* GameDSL2D */,
				A61D24CF2ABCB0BE0064207F /* ExampleGameDSL2D */,
				A61D24CE2ABCB0BE0064207F /* Products */,
				A69144502ABCB6EE0075E66E /* Frameworks */,
			);
			sourceTree = "<group>";
		};
		A61D24CE2ABCB0BE0064207F /* Products */ = {
			isa = PBXGroup;
			children = (
				A61D24CD2ABCB0BE0064207F /* ExampleGameDSL2D.app */,
			);
			name = Products;
			sourceTree = "<group>";
		};
		A61D24CF2ABCB0BE0064207F /* ExampleGameDSL2D */ = {
			isa = PBXGroup;
			children = (
				A68525172ACB62D100831648 /* Assets */,
				A68525182ACB62D100831648 /* Components */,
				A68525152ACB62D100831648 /* Entities */,
				A68525192ACB62D100831648 /* GameStates */,
				A685251B2ACB62D100831648 /* Scenes */,
				A685251A2ACB62D100831648 /* Utilities */,
				A685251C2ACB62D100831648 /* Views */,
				A61D24D02ABCB0BE0064207F /* ExampleGameDSL2DApp.swift */,
				A61D24D22ABCB0BE0064207F /* ContentView.swift */,
				A61D24D42ABCB0C00064207F /* Assets.xcassets */,
				A61D24D62ABCB0C00064207F /* Preview Content */,
				A61D24E32ABCB33C0064207F /* Game.swift */,
			);
			path = ExampleGameDSL2D;
			sourceTree = "<group>";
		};
		A61D24D62ABCB0C00064207F /* Preview Content */ = {
			isa = PBXGroup;
			children = (
				A61D24D72ABCB0C00064207F /* Preview Assets.xcassets */,
			);
			path = "Preview Content";
			sourceTree = "<group>";
		};
		A68525152ACB62D100831648 /* Entities */ = {
			isa = PBXGroup;
			children = (
				A68525162ACB62D100831648 /* Player.swift */,
			);
			path = Entities;
			sourceTree = "<group>";
		};
		A68525172ACB62D100831648 /* Assets */ = {
			isa = PBXGroup;
			children = (
			);
			path = Assets;
			sourceTree = "<group>";
		};
		A68525182ACB62D100831648 /* Components */ = {
			isa = PBXGroup;
			children = (
			);
			path = Components;
			sourceTree = "<group>";
		};
		A68525192ACB62D100831648 /* GameStates */ = {
			isa = PBXGroup;
			children = (
			);
			path = GameStates;
			sourceTree = "<group>";
		};
		A685251A2ACB62D100831648 /* Utilities */ = {
			isa = PBXGroup;
			children = (
			);
			path = Utilities;
			sourceTree = "<group>";
		};
		A685251B2ACB62D100831648 /* Scenes */ = {
			isa = PBXGroup;
			children = (
			);
			path = Scenes;
			sourceTree = "<group>";
		};
		A685251C2ACB62D100831648 /* Views */ = {
			isa = PBXGroup;
			children = (
			);
			path = Views;
			sourceTree = "<group>";
		};
		A69144502ABCB6EE0075E66E /* Frameworks */ = {
			isa = PBXGroup;
			children = (
			);
			name = Frameworks;
			sourceTree = "<group>";
		};
/* End PBXGroup section */

/* Begin PBXNativeTarget section */
		A61D24CC2ABCB0BE0064207F /* ExampleGameDSL2D */ = {
			isa = PBXNativeTarget;
			buildConfigurationList = A61D24DB2ABCB0C00064207F /* Build configuration list for PBXNativeTarget "ExampleGameDSL2D" */;
			buildPhases = (
				A61D24C92ABCB0BE0064207F /* Sources */,
				A61D24CA2ABCB0BE0064207F /* Frameworks */,
				A61D24CB2ABCB0BE0064207F /* Resources */,
			);
			buildRules = (
			);
			dependencies = (
			);
			name = ExampleGameDSL2D;
			packageProductDependencies = (
				A61D24E12ABCB2650064207F /* OctopusKit */,
				A68525132ACB61A000831648 /* GameDSL2D */,
			);
			productName = ExampleGameDSL2D;
			productReference = A61D24CD2ABCB0BE0064207F /* ExampleGameDSL2D.app */;
			productType = "com.apple.product-type.application";
		};
/* End PBXNativeTarget section */

/* Begin PBXProject section */
		A61D24C52ABCB0BE0064207F /* Project object */ = {
			isa = PBXProject;
			attributes = {
				BuildIndependentTargetsInParallel = 1;
				LastSwiftUpdateCheck = 1430;
				LastUpgradeCheck = 1430;
				TargetAttributes = {
					A61D24CC2ABCB0BE0064207F = {
						CreatedOnToolsVersion = 14.3.1;
					};
				};
			};
			buildConfigurationList = A61D24C82ABCB0BE0064207F /* Build configuration list for PBXProject "ExampleGameDSL2D" */;
			compatibilityVersion = "Xcode 14.0";
			developmentRegion = en;
			hasScannedForEncodings = 0;
			knownRegions = (
				en,
				Base,
			);
			mainGroup = A61D24C42ABCB0BE0064207F;
			packageReferences = (
				A61D24E02ABCB2650064207F /* XCRemoteSwiftPackageReference "octopuskit" */,
			);
			productRefGroup = A61D24CE2ABCB0BE0064207F /* Products */;
			projectDirPath = "";
			projectRoot = "";
			targets = (
				A61D24CC2ABCB0BE0064207F /* ExampleGameDSL2D */,
			);
		};
/* End PBXProject section */

/* Begin PBXResourcesBuildPhase section */
		A61D24CB2ABCB0BE0064207F /* Resources */ = {
			isa = PBXResourcesBuildPhase;
			buildActionMask = 2147483647;
			files = (
				A61D24D82ABCB0C00064207F /* Preview Assets.xcassets in Resources */,
				A61D24D52ABCB0C00064207F /* Assets.xcassets in Resources */,
				A61D24DF2ABCB0FB0064207F /* GameDSL2D in Resources */,
			);
			runOnlyForDeploymentPostprocessing = 0;
		};
/* End PBXResourcesBuildPhase section */

/* Begin PBXSourcesBuildPhase section */
		A61D24C92ABCB0BE0064207F /* Sources */ = {
			isa = PBXSourcesBuildPhase;
			buildActionMask = 2147483647;
			files = (
				A685251D2ACB62D100831648 /* Player.swift in Sources */,
				A61D24D32ABCB0BE0064207F /* ContentView.swift in Sources */,
				A61D24E42ABCB33C0064207F /* Game.swift in Sources */,
				A61D24D12ABCB0BE0064207F /* ExampleGameDSL2DApp.swift in Sources */,
			);
			runOnlyForDeploymentPostprocessing = 0;
		};
/* End PBXSourcesBuildPhase section */

/* Begin XCBuildConfiguration section */
		A61D24D92ABCB0C00064207F /* Debug */ = {
			isa = XCBuildConfiguration;
			buildSettings = {
				ALWAYS_SEARCH_USER_PATHS = NO;
				CLANG_ANALYZER_NONNULL = YES;
				CLANG_ANALYZER_NUMBER_OBJECT_CONVERSION = YES_AGGRESSIVE;
				CLANG_CXX_LANGUAGE_STANDARD = "gnu++20";
				CLANG_ENABLE_MODULES = YES;
				CLANG_ENABLE_OBJC_ARC = YES;
				CLANG_ENABLE_OBJC_WEAK = YES;
				CLANG_WARN_BLOCK_CAPTURE_AUTORELEASING = YES;
				CLANG_WARN_BOOL_CONVERSION = YES;
				CLANG_WARN_COMMA = YES;
				CLANG_WARN_CONSTANT_CONVERSION = YES;
				CLANG_WARN_DEPRECATED_OBJC_IMPLEMENTATIONS = YES;
				CLANG_WARN_DIRECT_OBJC_ISA_USAGE = YES_ERROR;
				CLANG_WARN_DOCUMENTATION_COMMENTS = YES;
				CLANG_WARN_EMPTY_BODY = YES;
				CLANG_WARN_ENUM_CONVERSION = YES;
				CLANG_WARN_INFINITE_RECURSION = YES;
				CLANG_WARN_INT_CONVERSION = YES;
				CLANG_WARN_NON_LITERAL_NULL_CONVERSION = YES;
				CLANG_WARN_OBJC_IMPLICIT_RETAIN_SELF = YES;
				CLANG_WARN_OBJC_LITERAL_CONVERSION = YES;
				CLANG_WARN_OBJC_ROOT_CLASS = YES_ERROR;
				CLANG_WARN_QUOTED_INCLUDE_IN_FRAMEWORK_HEADER = YES;
				CLANG_WARN_RANGE_LOOP_ANALYSIS = YES;
				CLANG_WARN_STRICT_PROTOTYPES = YES;
				CLANG_WARN_SUSPICIOUS_MOVE = YES;
				CLANG_WARN_UNGUARDED_AVAILABILITY = YES_AGGRESSIVE;
				CLANG_WARN_UNREACHABLE_CODE = YES;
				CLANG_WARN__DUPLICATE_METHOD_MATCH = YES;
				COPY_PHASE_STRIP = NO;
				DEBUG_INFORMATION_FORMAT = dwarf;
				ENABLE_STRICT_OBJC_MSGSEND = YES;
				ENABLE_TESTABILITY = YES;
				GCC_C_LANGUAGE_STANDARD = gnu11;
				GCC_DYNAMIC_NO_PIC = NO;
				GCC_NO_COMMON_BLOCKS = YES;
				GCC_OPTIMIZATION_LEVEL = 0;
				GCC_PREPROCESSOR_DEFINITIONS = (
					"DEBUG=1",
					"$(inherited)",
				);
				GCC_WARN_64_TO_32_BIT_CONVERSION = YES;
				GCC_WARN_ABOUT_RETURN_TYPE = YES_ERROR;
				GCC_WARN_UNDECLARED_SELECTOR = YES;
				GCC_WARN_UNINITIALIZED_AUTOS = YES_AGGRESSIVE;
				GCC_WARN_UNUSED_FUNCTION = YES;
				GCC_WARN_UNUSED_VARIABLE = YES;
				IPHONEOS_DEPLOYMENT_TARGET = 16.4;
				MTL_ENABLE_DEBUG_INFO = INCLUDE_SOURCE;
				MTL_FAST_MATH = YES;
				ONLY_ACTIVE_ARCH = YES;
				SDKROOT = iphoneos;
				SWIFT_ACTIVE_COMPILATION_CONDITIONS = DEBUG;
				SWIFT_OPTIMIZATION_LEVEL = "-Onone";
			};
			name = Debug;
		};
		A61D24DA2ABCB0C00064207F /* Release */ = {
			isa = XCBuildConfiguration;
			buildSettings = {
				ALWAYS_SEARCH_USER_PATHS = NO;
				CLANG_ANALYZER_NONNULL = YES;
				CLANG_ANALYZER_NUMBER_OBJECT_CONVERSION = YES_AGGRESSIVE;
				CLANG_CXX_LANGUAGE_STANDARD = "gnu++20";
				CLANG_ENABLE_MODULES = YES;
				CLANG_ENABLE_OBJC_ARC = YES;
				CLANG_ENABLE_OBJC_WEAK = YES;
				CLANG_WARN_BLOCK_CAPTURE_AUTORELEASING = YES;
				CLANG_WARN_BOOL_CONVERSION = YES;
				CLANG_WARN_COMMA = YES;
				CLANG_WARN_CONSTANT_CONVERSION = YES;
				CLANG_WARN_DEPRECATED_OBJC_IMPLEMENTATIONS = YES;
				CLANG_WARN_DIRECT_OBJC_ISA_USAGE = YES_ERROR;
				CLANG_WARN_DOCUMENTATION_COMMENTS = YES;
				CLANG_WARN_EMPTY_BODY = YES;
				CLANG_WARN_ENUM_CONVERSION = YES;
				CLANG_WARN_INFINITE_RECURSION = YES;
				CLANG_WARN_INT_CONVERSION = YES;
				CLANG_WARN_NON_LITERAL_NULL_CONVERSION = YES;
				CLANG_WARN_OBJC_IMPLICIT_RETAIN_SELF = YES;
				CLANG_WARN_OBJC_LITERAL_CONVERSION = YES;
				CLANG_WARN_OBJC_ROOT_CLASS = YES_ERROR;
				CLANG_WARN_QUOTED_INCLUDE_IN_FRAMEWORK_HEADER = YES;
				CLANG_WARN_RANGE_LOOP_ANALYSIS = YES;
				CLANG_WARN_STRICT_PROTOTYPES = YES;
				CLANG_WARN_SUSPICIOUS_MOVE = YES;
				CLANG_WARN_UNGUARDED_AVAILABILITY = YES_AGGRESSIVE;
				CLANG_WARN_UNREACHABLE_CODE = YES;
				CLANG_WARN__DUPLICATE_METHOD_MATCH = YES;
				COPY_PHASE_STRIP = NO;
				DEBUG_INFORMATION_FORMAT = "dwarf-with-dsym";
				ENABLE_NS_ASSERTIONS = NO;
				ENABLE_STRICT_OBJC_MSGSEND = YES;
				GCC_C_LANGUAGE_STANDARD = gnu11;
				GCC_NO_COMMON_BLOCKS = YES;
				GCC_WARN_64_TO_32_BIT_CONVERSION = YES;
				GCC_WARN_ABOUT_RETURN_TYPE = YES_ERROR;
				GCC_WARN_UNDECLARED_SELECTOR = YES;
				GCC_WARN_UNINITIALIZED_AUTOS = YES_AGGRESSIVE;
				GCC_WARN_UNUSED_FUNCTION = YES;
				GCC_WARN_UNUSED_VARIABLE = YES;
				IPHONEOS_DEPLOYMENT_TARGET = 16.4;
				MTL_ENABLE_DEBUG_INFO = NO;
				MTL_FAST_MATH = YES;
				SDKROOT = iphoneos;
				SWIFT_COMPILATION_MODE = wholemodule;
				SWIFT_OPTIMIZATION_LEVEL = "-O";
				VALIDATE_PRODUCT = YES;
			};
			name = Release;
		};
		A61D24DC2ABCB0C00064207F /* Debug */ = {
			isa = XCBuildConfiguration;
			buildSettings = {
				ASSETCATALOG_COMPILER_APPICON_NAME = AppIcon;
				ASSETCATALOG_COMPILER_GLOBAL_ACCENT_COLOR_NAME = AccentColor;
				CODE_SIGN_STYLE = Automatic;
				CURRENT_PROJECT_VERSION = 1;
				DEVELOPMENT_ASSET_PATHS = "\"ExampleGameDSL2D/Preview Content\"";
				DEVELOPMENT_TEAM = PC5E44QGH2;
				ENABLE_PREVIEWS = YES;
				GENERATE_INFOPLIST_FILE = YES;
				INFOPLIST_KEY_UIApplicationSceneManifest_Generation = YES;
				INFOPLIST_KEY_UIApplicationSupportsIndirectInputEvents = YES;
				INFOPLIST_KEY_UILaunchScreen_Generation = YES;
				INFOPLIST_KEY_UISupportedInterfaceOrientations_iPad = "UIInterfaceOrientationPortrait UIInterfaceOrientationPortraitUpsideDown UIInterfaceOrientationLandscapeLeft UIInterfaceOrientationLandscapeRight";
				INFOPLIST_KEY_UISupportedInterfaceOrientations_iPhone = "UIInterfaceOrientationPortrait UIInterfaceOrientationLandscapeLeft UIInterfaceOrientationLandscapeRight";
				LD_RUNPATH_SEARCH_PATHS = (
					"$(inherited)",
					"@executable_path/Frameworks",
				);
				MARKETING_VERSION = 1.0;
				PRODUCT_BUNDLE_IDENTIFIER = com.martianrover.ExampleGameDSL2D;
				PRODUCT_NAME = "$(TARGET_NAME)";
				SWIFT_EMIT_LOC_STRINGS = YES;
				SWIFT_VERSION = 5.0;
				TARGETED_DEVICE_FAMILY = "1,2";
			};
			name = Debug;
		};
		A61D24DD2ABCB0C00064207F /* Release */ = {
			isa = XCBuildConfiguration;
			buildSettings = {
				ASSETCATALOG_COMPILER_APPICON_NAME = AppIcon;
				ASSETCATALOG_COMPILER_GLOBAL_ACCENT_COLOR_NAME = AccentColor;
				CODE_SIGN_STYLE = Automatic;
				CURRENT_PROJECT_VERSION = 1;
				DEVELOPMENT_ASSET_PATHS = "\"ExampleGameDSL2D/Preview Content\"";
				DEVELOPMENT_TEAM = PC5E44QGH2;
				ENABLE_PREVIEWS = YES;
				GENERATE_INFOPLIST_FILE = YES;
				INFOPLIST_KEY_UIApplicationSceneManifest_Generation = YES;
				INFOPLIST_KEY_UIApplicationSupportsIndirectInputEvents = YES;
				INFOPLIST_KEY_UILaunchScreen_Generation = YES;
				INFOPLIST_KEY_UISupportedInterfaceOrientations_iPad = "UIInterfaceOrientationPortrait UIInterfaceOrientationPortraitUpsideDown UIInterfaceOrientationLandscapeLeft UIInterfaceOrientationLandscapeRight";
				INFOPLIST_KEY_UISupportedInterfaceOrientations_iPhone = "UIInterfaceOrientationPortrait UIInterfaceOrientationLandscapeLeft UIInterfaceOrientationLandscapeRight";
				LD_RUNPATH_SEARCH_PATHS = (
					"$(inherited)",
					"@executable_path/Frameworks",
				);
				MARKETING_VERSION = 1.0;
				PRODUCT_BUNDLE_IDENTIFIER = com.martianrover.ExampleGameDSL2D;
				PRODUCT_NAME = "$(TARGET_NAME)";
				SWIFT_EMIT_LOC_STRINGS = YES;
				SWIFT_VERSION = 5.0;
				TARGETED_DEVICE_FAMILY = "1,2";
			};
			name = Release;
		};
/* End XCBuildConfiguration section */

/* Begin XCConfigurationList section */
		A61D24C82ABCB0BE0064207F /* Build configuration list for PBXProject "ExampleGameDSL2D" */ = {
			isa = XCConfigurationList;
			buildConfigurations = (
				A61D24D92ABCB0C00064207F /* Debug */,
				A61D24DA2ABCB0C00064207F /* Release */,
			);
			defaultConfigurationIsVisible = 0;
			defaultConfigurationName = Release;
		};
		A61D24DB2ABCB0C00064207F /* Build configuration list for PBXNativeTarget "ExampleGameDSL2D" */ = {
			isa = XCConfigurationList;
			buildConfigurations = (
				A61D24DC2ABCB0C00064207F /* Debug */,
				A61D24DD2ABCB0C00064207F /* Release */,
			);
			defaultConfigurationIsVisible = 0;
			defaultConfigurationName = Release;
		};
/* End XCConfigurationList section */

/* Begin XCRemoteSwiftPackageReference section */
		A61D24E02ABCB2650064207F /* XCRemoteSwiftPackageReference "octopuskit" */ = {
			isa = XCRemoteSwiftPackageReference;
			repositoryURL = "https://github.com/invadingoctopus/octopuskit";
			requirement = {
				kind = upToNextMajorVersion;
				minimumVersion = 3.0.0;
			};
		};
/* End XCRemoteSwiftPackageReference section */

/* Begin XCSwiftPackageProductDependency section */
		A61D24E12ABCB2650064207F /* OctopusKit */ = {
			isa = XCSwiftPackageProductDependency;
			package = A61D24E02ABCB2650064207F /* XCRemoteSwiftPackageReference "octopuskit" */;
			productName = OctopusKit;
		};
		A68525132ACB61A000831648 /* GameDSL2D */ = {
			isa = XCSwiftPackageProductDependency;
			productName = GameDSL2D;
		};
/* End XCSwiftPackageProductDependency section */
	};
	rootObject = A61D24C52ABCB0BE0064207F /* Project object */;
}
